
Microsoft Visual Studio Solution File, Format Version 11.00
# Visual Studio 2010
Project("{8BC9CEB8-8B4A-11D0-8D11-00A0C91BC942}") = "My_epiDepth_local", "My_epiDepth_local\My_epiDepth_local.vcxproj", "{A1F605F4-8C1C-4509-AFFC-AD2C726EF001}"
EndProject
Global
	GlobalSection(SolutionConfigurationPlatforms) = preSolution
		Debug|Win32 = Debug|Win32
		Release|Win32 = Release|Win32
	EndGlobalSection
	GlobalSection(ProjectConfigurationPlatforms) = postSolution
		{A1F605F4-8C1C-4509-AFFC-AD2C726EF001}.Debug|Win32.ActiveCfg = Debug|Win32
		{A1F605F4-8C1C-4509-AFFC-AD2C726EF001}.Debug|Win32.Build.0 = Debug|Win32
		{A1F605F4-8C1C-4509-AFFC-AD2C726EF001}.Release|Win32.ActiveCfg = Release|Win32
		{A1F605F4-8C1C-4509-AFFC-AD2C726EF001}.Release|Win32.Build.0 = Release|Win32
	EndGlobalSection
	GlobalSection(SolutionProperties) = preSolution
		HideSolutionNode = FALSE
	EndGlobalSection
EndGlobal
